
Microsoft Visual Studio Solution File, Format Version 12.00
# Visual Studio Version 16
VisualStudioVersion = 16.0.31129.286
MinimumVisualStudioVersion = 10.0.40219.1
Project("{9A19103F-16F7-4668-BE54-9A1E7A4F7556}") = "Entidades", "Entidades\Entidades.csproj", "{DD6305A5-37AE-4888-BADD-6725C11144FD}"
EndProject
Project("{9A19103F-16F7-4668-BE54-9A1E7A4F7556}") = "Consola", "Consola\Consola.csproj", "{2A49B74F-8F1B-4901-AB02-5CF0AD314FFB}"
EndProject
Project("{FAE04EC0-301F-11D3-BF4B-00C04F79EFBC}") = "Formularios", "Formularios\Formularios.csproj", "{0B71DA3C-EA95-425F-A158-A3BB094A644D}"
EndProject
Global
	GlobalSection(SolutionConfigurationPlatforms) = preSolution
		Debug|Any CPU = Debug|Any CPU
		Release|Any CPU = Release|Any CPU
	EndGlobalSection
	GlobalSection(ProjectConfigurationPlatforms) = postSolution
		{DD6305A5-37AE-4888-BADD-6725C11144FD}.Debug|Any CPU.ActiveCfg = Debug|Any CPU
		{DD6305A5-37AE-4888-BADD-6725C11144FD}.Debug|Any CPU.Build.0 = Debug|Any CPU
		{DD6305A5-37AE-4888-BADD-6725C11144FD}.Release|Any CPU.ActiveCfg = Release|Any CPU
		{DD6305A5-37AE-4888-BADD-6725C11144FD}.Release|Any CPU.Build.0 = Release|Any CPU
		{2A49B74F-8F1B-4901-AB02-5CF0AD314FFB}.Debug|Any CPU.ActiveCfg = Debug|Any CPU
		{2A49B74F-8F1B-4901-AB02-5CF0AD314FFB}.Debug|Any CPU.Build.0 = Debug|Any CPU
		{2A49B74F-8F1B-4901-AB02-5CF0AD314FFB}.Release|Any CPU.ActiveCfg = Release|Any CPU
		{2A49B74F-8F1B-4901-AB02-5CF0AD314FFB}.Release|Any CPU.Build.0 = Release|Any CPU
		{0B71DA3C-EA95-425F-A158-A3BB094A644D}.Debug|Any CPU.ActiveCfg = Debug|Any CPU
		{0B71DA3C-EA95-425F-A158-A3BB094A644D}.Debug|Any CPU.Build.0 = Debug|Any CPU
		{0B71DA3C-EA95-425F-A158-A3BB094A644D}.Release|Any CPU.ActiveCfg = Release|Any CPU
		{0B71DA3C-EA95-425F-A158-A3BB094A644D}.Release|Any CPU.Build.0 = Release|Any CPU
	EndGlobalSection
	GlobalSection(SolutionProperties) = preSolution
		HideSolutionNode = FALSE
	EndGlobalSection
	GlobalSection(ExtensibilityGlobals) = postSolution
		SolutionGuid = {0B70ADC9-CCFB-474A-860C-2CD0E4634276}
	EndGlobalSection
EndGlobal
